
Microsoft Visual Studio Solution File, Format Version 12.00
# Visual Studio Version 16
VisualStudioVersion = 16.0.34114.132
MinimumVisualStudioVersion = 10.0.40219.1
Project("{2150E333-8FDC-42A3-9474-1A3956D46DE8}") = "Task0", "Task0", "{4E2E87C0-0212-4CD9-A428-1608F3A01A01}"
EndProject
Project("{FAE04EC0-301F-11D3-BF4B-00C04F79EFBC}") = "Tyuiu.HubulovaVI.Sprint2.Task0.V23", "Tyuiu.HubulovaVI.Sprint2.Task0.V23\Tyuiu.HubulovaVI.Sprint2.Task0.V23.csproj", "{F0A67677-8F62-49F0-B46C-6C8ED3ACA001}"
EndProject
Project("{FAE04EC0-301F-11D3-BF4B-00C04F79EFBC}") = "Tyuiu.HubulovaVI.Sprint2.Task0.V23.Lib", "Tyuiu.HubulovaVI.Sprint2.Task0.V23.Lib\Tyuiu.HubulovaVI.Sprint2.Task0.V23.Lib.csproj", "{AB465592-13FF-4AC8-BF8F-9032B4B3F729}"
EndProject
Project("{FAE04EC0-301F-11D3-BF4B-00C04F79EFBC}") = "Tyuiu.HubulovaVI.Sprint2.Task0.V23.Test", "Tyuiu.HubulovaVI.Sprint2.Task0.V23.Test\Tyuiu.HubulovaVI.Sprint2.Task0.V23.Test.csproj", "{420DBC8B-69D3-4EB7-9389-58B4DC9046B1}"
EndProject
Project("{2150E333-8FDC-42A3-9474-1A3956D46DE8}") = "Task1", "Task1", "{C4814E19-7940-4077-8278-C29239A0539C}"
EndProject
Project("{FAE04EC0-301F-11D3-BF4B-00C04F79EFBC}") = "Tyuiu.HubulovaVI.Sprint2.Task1.V26", "Tyuiu.HubulovaVI.Sprint2.Task1.V26\Tyuiu.HubulovaVI.Sprint2.Task1.V26.csproj", "{A2FF4957-94FB-4506-A546-3B6C0AB53CC7}"
EndProject
Project("{FAE04EC0-301F-11D3-BF4B-00C04F79EFBC}") = "Tyuiu.HubulovaVI.Sprint2.Task1.V26.Lib", "Tyuiu.HubulovaVI.Sprint2.Task1.V26.Lib\Tyuiu.HubulovaVI.Sprint2.Task1.V26.Lib.csproj", "{8016634D-A243-44FA-A630-4433B75C505C}"
EndProject
Project("{FAE04EC0-301F-11D3-BF4B-00C04F79EFBC}") = "Tyuiu.HubulovaVI.Sprint2.Task1.V26.Test", "Tyuiu.HubulovaVI.Sprint2.Task1.V26.Test\Tyuiu.HubulovaVI.Sprint2.Task1.V26.Test.csproj", "{874E1EFF-01CE-430C-AC18-B0E282836640}"
EndProject
Global
	GlobalSection(SolutionConfigurationPlatforms) = preSolution
		Debug|Any CPU = Debug|Any CPU
		Release|Any CPU = Release|Any CPU
	EndGlobalSection
	GlobalSection(ProjectConfigurationPlatforms) = postSolution
		{F0A67677-8F62-49F0-B46C-6C8ED3ACA001}.Debug|Any CPU.ActiveCfg = Debug|Any CPU
		{F0A67677-8F62-49F0-B46C-6C8ED3ACA001}.Debug|Any CPU.Build.0 = Debug|Any CPU
		{F0A67677-8F62-49F0-B46C-6C8ED3ACA001}.Release|Any CPU.ActiveCfg = Release|Any CPU
		{F0A67677-8F62-49F0-B46C-6C8ED3ACA001}.Release|Any CPU.Build.0 = Release|Any CPU
		{AB465592-13FF-4AC8-BF8F-9032B4B3F729}.Debug|Any CPU.ActiveCfg = Debug|Any CPU
		{AB465592-13FF-4AC8-BF8F-9032B4B3F729}.Debug|Any CPU.Build.0 = Debug|Any CPU
		{AB465592-13FF-4AC8-BF8F-9032B4B3F729}.Release|Any CPU.ActiveCfg = Release|Any CPU
		{AB465592-13FF-4AC8-BF8F-9032B4B3F729}.Release|Any CPU.Build.0 = Release|Any CPU
		{420DBC8B-69D3-4EB7-9389-58B4DC9046B1}.Debug|Any CPU.ActiveCfg = Debug|Any CPU
		{420DBC8B-69D3-4EB7-9389-58B4DC9046B1}.Debug|Any CPU.Build.0 = Debug|Any CPU
		{420DBC8B-69D3-4EB7-9389-58B4DC9046B1}.Release|Any CPU.ActiveCfg = Release|Any CPU
		{420DBC8B-69D3-4EB7-9389-58B4DC9046B1}.Release|Any CPU.Build.0 = Release|Any CPU
		{A2FF4957-94FB-4506-A546-3B6C0AB53CC7}.Debug|Any CPU.ActiveCfg = Debug|Any CPU
		{A2FF4957-94FB-4506-A546-3B6C0AB53CC7}.Debug|Any CPU.Build.0 = Debug|Any CPU
		{A2FF4957-94FB-4506-A546-3B6C0AB53CC7}.Release|Any CPU.ActiveCfg = Release|Any CPU
		{A2FF4957-94FB-4506-A546-3B6C0AB53CC7}.Release|Any CPU.Build.0 = Release|Any CPU
		{8016634D-A243-44FA-A630-4433B75C505C}.Debug|Any CPU.ActiveCfg = Debug|Any CPU
		{8016634D-A243-44FA-A630-4433B75C505C}.Debug|Any CPU.Build.0 = Debug|Any CPU
		{8016634D-A243-44FA-A630-4433B75C505C}.Release|Any CPU.ActiveCfg = Release|Any CPU
		{8016634D-A243-44FA-A630-4433B75C505C}.Release|Any CPU.Build.0 = Release|Any CPU
		{874E1EFF-01CE-430C-AC18-B0E282836640}.Debug|Any CPU.ActiveCfg = Debug|Any CPU
		{874E1EFF-01CE-430C-AC18-B0E282836640}.Debug|Any CPU.Build.0 = Debug|Any CPU
		{874E1EFF-01CE-430C-AC18-B0E282836640}.Release|Any CPU.ActiveCfg = Release|Any CPU
		{874E1EFF-01CE-430C-AC18-B0E282836640}.Release|Any CPU.Build.0 = Release|Any CPU
	EndGlobalSection
	GlobalSection(SolutionProperties) = preSolution
		HideSolutionNode = FALSE
	EndGlobalSection
	GlobalSection(NestedProjects) = preSolution
		{F0A67677-8F62-49F0-B46C-6C8ED3ACA001} = {4E2E87C0-0212-4CD9-A428-1608F3A01A01}
		{AB465592-13FF-4AC8-BF8F-9032B4B3F729} = {4E2E87C0-0212-4CD9-A428-1608F3A01A01}
		{420DBC8B-69D3-4EB7-9389-58B4DC9046B1} = {4E2E87C0-0212-4CD9-A428-1608F3A01A01}
		{A2FF4957-94FB-4506-A546-3B6C0AB53CC7} = {C4814E19-7940-4077-8278-C29239A0539C}
		{8016634D-A243-44FA-A630-4433B75C505C} = {C4814E19-7940-4077-8278-C29239A0539C}
		{874E1EFF-01CE-430C-AC18-B0E282836640} = {C4814E19-7940-4077-8278-C29239A0539C}
	EndGlobalSection
	GlobalSection(ExtensibilityGlobals) = postSolution
		SolutionGuid = {1E240784-99A5-4540-A105-413095D2DCE1}
	EndGlobalSection
EndGlobal
