
Microsoft Visual Studio Solution File, Format Version 12.00
# Visual Studio Version 16
VisualStudioVersion = 16.0.34114.132
MinimumVisualStudioVersion = 10.0.40219.1
Project("{2150E333-8FDC-42A3-9474-1A3956D46DE8}") = "Task0", "Task0", "{4E2E87C0-0212-4CD9-A428-1608F3A01A01}"
EndProject
Project("{FAE04EC0-301F-11D3-BF4B-00C04F79EFBC}") = "Tyuiu.HubulovaVI.Sprint2.Task0.V23", "Tyuiu.HubulovaVI.Sprint2.Task0.V23\Tyuiu.HubulovaVI.Sprint2.Task0.V23.csproj", "{F0A67677-8F62-49F0-B46C-6C8ED3ACA001}"
EndProject
Project("{FAE04EC0-301F-11D3-BF4B-00C04F79EFBC}") = "Tyuiu.HubulovaVI.Sprint2.Task0.V23.Lib", "Tyuiu.HubulovaVI.Sprint2.Task0.V23.Lib\Tyuiu.HubulovaVI.Sprint2.Task0.V23.Lib.csproj", "{AB465592-13FF-4AC8-BF8F-9032B4B3F729}"
EndProject
Project("{FAE04EC0-301F-11D3-BF4B-00C04F79EFBC}") = "Tyuiu.HubulovaVI.Sprint2.Task0.V23.Test", "Tyuiu.HubulovaVI.Sprint2.Task0.V23.Test\Tyuiu.HubulovaVI.Sprint2.Task0.V23.Test.csproj", "{420DBC8B-69D3-4EB7-9389-58B4DC9046B1}"
EndProject
Project("{2150E333-8FDC-42A3-9474-1A3956D46DE8}") = "Task1", "Task1", "{C4814E19-7940-4077-8278-C29239A0539C}"
EndProject
Project("{FAE04EC0-301F-11D3-BF4B-00C04F79EFBC}") = "Tyuiu.HubulovaVI.Sprint2.Task1.V26", "Tyuiu.HubulovaVI.Sprint2.Task1.V26\Tyuiu.HubulovaVI.Sprint2.Task1.V26.csproj", "{A2FF4957-94FB-4506-A546-3B6C0AB53CC7}"
EndProject
Project("{FAE04EC0-301F-11D3-BF4B-00C04F79EFBC}") = "Tyuiu.HubulovaVI.Sprint2.Task1.V26.Lib", "Tyuiu.HubulovaVI.Sprint2.Task1.V26.Lib\Tyuiu.HubulovaVI.Sprint2.Task1.V26.Lib.csproj", "{8016634D-A243-44FA-A630-4433B75C505C}"
EndProject
Project("{FAE04EC0-301F-11D3-BF4B-00C04F79EFBC}") = "Tyuiu.HubulovaVI.Sprint2.Task1.V26.Test", "Tyuiu.HubulovaVI.Sprint2.Task1.V26.Test\Tyuiu.HubulovaVI.Sprint2.Task1.V26.Test.csproj", "{874E1EFF-01CE-430C-AC18-B0E282836640}"
EndProject
Project("{2150E333-8FDC-42A3-9474-1A3956D46DE8}") = "Task2", "Task2", "{59D4B472-8F95-459B-B2C6-42EFBFB30364}"
EndProject
Project("{FAE04EC0-301F-11D3-BF4B-00C04F79EFBC}") = "Tyuiu.HubulovaVI.Sprint2.Task2.V27", "Tyuiu.HubulovaVI.Sprint2.Task2.V27\Tyuiu.HubulovaVI.Sprint2.Task2.V27.csproj", "{D5374CC9-3C9F-4D9A-BD94-BE2116B996FB}"
EndProject
Project("{FAE04EC0-301F-11D3-BF4B-00C04F79EFBC}") = "Tyuiu.HubulovaVI.Sprint2.Task2.V27.Lib", "Tyuiu.HubulovaVI.Sprint2.Task2.V27.Lib\Tyuiu.HubulovaVI.Sprint2.Task2.V27.Lib.csproj", "{00DE1B83-171D-4ED5-B170-016050A7D10B}"
EndProject
Project("{FAE04EC0-301F-11D3-BF4B-00C04F79EFBC}") = "Tyuiu.HubulovaVI.Sprint2.Task2.V27.Test", "Tyuiu.HubulovaVI.Sprint2.Task2.V27.Test\Tyuiu.HubulovaVI.Sprint2.Task2.V27.Test.csproj", "{2C0B9600-9CF5-4F14-87E2-F8BED5C81F32}"
EndProject
Project("{2150E333-8FDC-42A3-9474-1A3956D46DE8}") = "Task3", "Task3", "{B631B764-861F-4553-AEF4-912009116260}"
EndProject
Project("{FAE04EC0-301F-11D3-BF4B-00C04F79EFBC}") = "Tyuiu.HubulovaVI.Sprint2.Task3.V7", "Tyuiu.HubulovaVI.Sprint2.Task3.V7\Tyuiu.HubulovaVI.Sprint2.Task3.V7.csproj", "{CC6A03CA-F611-4EDE-824B-968EEB535740}"
EndProject
Project("{FAE04EC0-301F-11D3-BF4B-00C04F79EFBC}") = "Tyuiu.HubulovaVI.Sprint2.Task3.V7.Lib", "Tyuiu.HubulovaVI.Sprint2.Task3.V7.Lib\Tyuiu.HubulovaVI.Sprint2.Task3.V7.Lib.csproj", "{DEFD3993-9BC0-4AAA-A7C1-590306D50D9B}"
EndProject
Project("{FAE04EC0-301F-11D3-BF4B-00C04F79EFBC}") = "Tyuiu.HubulovaVI.Sprint2.Task3.V7.Test", "Tyuiu.HubulovaVI.Sprint2.Task3.V7.Test\Tyuiu.HubulovaVI.Sprint2.Task3.V7.Test.csproj", "{11AA5DD2-5052-4005-A47C-DB576338A1B1}"
EndProject
Project("{2150E333-8FDC-42A3-9474-1A3956D46DE8}") = "Task4", "Task4", "{24062B16-D08C-400C-8A0D-E907AF7CDB4A}"
EndProject
Project("{FAE04EC0-301F-11D3-BF4B-00C04F79EFBC}") = "Tyuiu.HubulovaVI.Sprint2.Task4.V18", "Tyuiu.HubulovaVI.Sprint2.Task4.V18\Tyuiu.HubulovaVI.Sprint2.Task4.V18.csproj", "{4F19F2CF-9F3C-4433-A6B4-57417A88055E}"
EndProject
Project("{FAE04EC0-301F-11D3-BF4B-00C04F79EFBC}") = "Tyuiu.HubulovaVI.Sprint2.Task4.V18.Lib", "Tyuiu.HubulovaVI.Sprint2.Task4.V18.Lib\Tyuiu.HubulovaVI.Sprint2.Task4.V18.Lib.csproj", "{A56EDFB8-5436-4CD4-AD85-B2E4B8374C50}"
EndProject
Project("{FAE04EC0-301F-11D3-BF4B-00C04F79EFBC}") = "Tyuiu.HubulovaVI.Sprint2.Task4.V18.Test", "Tyuiu.HubulovaVI.Sprint2.Task4.V18.Test\Tyuiu.HubulovaVI.Sprint2.Task4.V18.Test.csproj", "{98B5DD71-6AD8-45D1-8D70-CC32BC406BF0}"
EndProject
Project("{2150E333-8FDC-42A3-9474-1A3956D46DE8}") = "Task5", "Task5", "{55A1C960-F92F-44E4-A302-1B806F504095}"
EndProject
Project("{FAE04EC0-301F-11D3-BF4B-00C04F79EFBC}") = "Tyuiu.HubulovaVI.Sprint2.Task5.V14", "Tyuiu.HubulovaVI.Sprint2.Task5.V14\Tyuiu.HubulovaVI.Sprint2.Task5.V14.csproj", "{0B9DCFC8-A80F-4E42-8341-9416FF99D1BB}"
EndProject
Project("{FAE04EC0-301F-11D3-BF4B-00C04F79EFBC}") = "Tyuiu.HubulovaVI.Sprint2.Task5.V14.Lib", "Tyuiu.HubulovaVI.Sprint2.Task5.V14.Lib\Tyuiu.HubulovaVI.Sprint2.Task5.V14.Lib.csproj", "{022A8122-8AD9-4674-91FB-EDD3B9D18327}"
EndProject
Project("{FAE04EC0-301F-11D3-BF4B-00C04F79EFBC}") = "Tyuiu.HubulovaVI.Sprint2.Task5.V14.Test", "Tyuiu.HubulovaVI.Sprint2.Task5.V14.Test\Tyuiu.HubulovaVI.Sprint2.Task5.V14.Test.csproj", "{C7DF5B82-6189-4E78-B667-E24437C1B9B6}"
EndProject
Global
	GlobalSection(SolutionConfigurationPlatforms) = preSolution
		Debug|Any CPU = Debug|Any CPU
		Release|Any CPU = Release|Any CPU
	EndGlobalSection
	GlobalSection(ProjectConfigurationPlatforms) = postSolution
		{F0A67677-8F62-49F0-B46C-6C8ED3ACA001}.Debug|Any CPU.ActiveCfg = Debug|Any CPU
		{F0A67677-8F62-49F0-B46C-6C8ED3ACA001}.Debug|Any CPU.Build.0 = Debug|Any CPU
		{F0A67677-8F62-49F0-B46C-6C8ED3ACA001}.Release|Any CPU.ActiveCfg = Release|Any CPU
		{F0A67677-8F62-49F0-B46C-6C8ED3ACA001}.Release|Any CPU.Build.0 = Release|Any CPU
		{AB465592-13FF-4AC8-BF8F-9032B4B3F729}.Debug|Any CPU.ActiveCfg = Debug|Any CPU
		{AB465592-13FF-4AC8-BF8F-9032B4B3F729}.Debug|Any CPU.Build.0 = Debug|Any CPU
		{AB465592-13FF-4AC8-BF8F-9032B4B3F729}.Release|Any CPU.ActiveCfg = Release|Any CPU
		{AB465592-13FF-4AC8-BF8F-9032B4B3F729}.Release|Any CPU.Build.0 = Release|Any CPU
		{420DBC8B-69D3-4EB7-9389-58B4DC9046B1}.Debug|Any CPU.ActiveCfg = Debug|Any CPU
		{420DBC8B-69D3-4EB7-9389-58B4DC9046B1}.Debug|Any CPU.Build.0 = Debug|Any CPU
		{420DBC8B-69D3-4EB7-9389-58B4DC9046B1}.Release|Any CPU.ActiveCfg = Release|Any CPU
		{420DBC8B-69D3-4EB7-9389-58B4DC9046B1}.Release|Any CPU.Build.0 = Release|Any CPU
		{A2FF4957-94FB-4506-A546-3B6C0AB53CC7}.Debug|Any CPU.ActiveCfg = Debug|Any CPU
		{A2FF4957-94FB-4506-A546-3B6C0AB53CC7}.Debug|Any CPU.Build.0 = Debug|Any CPU
		{A2FF4957-94FB-4506-A546-3B6C0AB53CC7}.Release|Any CPU.ActiveCfg = Release|Any CPU
		{A2FF4957-94FB-4506-A546-3B6C0AB53CC7}.Release|Any CPU.Build.0 = Release|Any CPU
		{8016634D-A243-44FA-A630-4433B75C505C}.Debug|Any CPU.ActiveCfg = Debug|Any CPU
		{8016634D-A243-44FA-A630-4433B75C505C}.Debug|Any CPU.Build.0 = Debug|Any CPU
		{8016634D-A243-44FA-A630-4433B75C505C}.Release|Any CPU.ActiveCfg = Release|Any CPU
		{8016634D-A243-44FA-A630-4433B75C505C}.Release|Any CPU.Build.0 = Release|Any CPU
		{874E1EFF-01CE-430C-AC18-B0E282836640}.Debug|Any CPU.ActiveCfg = Debug|Any CPU
		{874E1EFF-01CE-430C-AC18-B0E282836640}.Debug|Any CPU.Build.0 = Debug|Any CPU
		{874E1EFF-01CE-430C-AC18-B0E282836640}.Release|Any CPU.ActiveCfg = Release|Any CPU
		{874E1EFF-01CE-430C-AC18-B0E282836640}.Release|Any CPU.Build.0 = Release|Any CPU
		{D5374CC9-3C9F-4D9A-BD94-BE2116B996FB}.Debug|Any CPU.ActiveCfg = Debug|Any CPU
		{D5374CC9-3C9F-4D9A-BD94-BE2116B996FB}.Debug|Any CPU.Build.0 = Debug|Any CPU
		{D5374CC9-3C9F-4D9A-BD94-BE2116B996FB}.Release|Any CPU.ActiveCfg = Release|Any CPU
		{D5374CC9-3C9F-4D9A-BD94-BE2116B996FB}.Release|Any CPU.Build.0 = Release|Any CPU
		{00DE1B83-171D-4ED5-B170-016050A7D10B}.Debug|Any CPU.ActiveCfg = Debug|Any CPU
		{00DE1B83-171D-4ED5-B170-016050A7D10B}.Debug|Any CPU.Build.0 = Debug|Any CPU
		{00DE1B83-171D-4ED5-B170-016050A7D10B}.Release|Any CPU.ActiveCfg = Release|Any CPU
		{00DE1B83-171D-4ED5-B170-016050A7D10B}.Release|Any CPU.Build.0 = Release|Any CPU
		{2C0B9600-9CF5-4F14-87E2-F8BED5C81F32}.Debug|Any CPU.ActiveCfg = Debug|Any CPU
		{2C0B9600-9CF5-4F14-87E2-F8BED5C81F32}.Debug|Any CPU.Build.0 = Debug|Any CPU
		{2C0B9600-9CF5-4F14-87E2-F8BED5C81F32}.Release|Any CPU.ActiveCfg = Release|Any CPU
		{2C0B9600-9CF5-4F14-87E2-F8BED5C81F32}.Release|Any CPU.Build.0 = Release|Any CPU
		{CC6A03CA-F611-4EDE-824B-968EEB535740}.Debug|Any CPU.ActiveCfg = Debug|Any CPU
		{CC6A03CA-F611-4EDE-824B-968EEB535740}.Debug|Any CPU.Build.0 = Debug|Any CPU
		{CC6A03CA-F611-4EDE-824B-968EEB535740}.Release|Any CPU.ActiveCfg = Release|Any CPU
		{CC6A03CA-F611-4EDE-824B-968EEB535740}.Release|Any CPU.Build.0 = Release|Any CPU
		{DEFD3993-9BC0-4AAA-A7C1-590306D50D9B}.Debug|Any CPU.ActiveCfg = Debug|Any CPU
		{DEFD3993-9BC0-4AAA-A7C1-590306D50D9B}.Debug|Any CPU.Build.0 = Debug|Any CPU
		{DEFD3993-9BC0-4AAA-A7C1-590306D50D9B}.Release|Any CPU.ActiveCfg = Release|Any CPU
		{DEFD3993-9BC0-4AAA-A7C1-590306D50D9B}.Release|Any CPU.Build.0 = Release|Any CPU
		{11AA5DD2-5052-4005-A47C-DB576338A1B1}.Debug|Any CPU.ActiveCfg = Debug|Any CPU
		{11AA5DD2-5052-4005-A47C-DB576338A1B1}.Debug|Any CPU.Build.0 = Debug|Any CPU
		{11AA5DD2-5052-4005-A47C-DB576338A1B1}.Release|Any CPU.ActiveCfg = Release|Any CPU
		{11AA5DD2-5052-4005-A47C-DB576338A1B1}.Release|Any CPU.Build.0 = Release|Any CPU
		{4F19F2CF-9F3C-4433-A6B4-57417A88055E}.Debug|Any CPU.ActiveCfg = Debug|Any CPU
		{4F19F2CF-9F3C-4433-A6B4-57417A88055E}.Debug|Any CPU.Build.0 = Debug|Any CPU
		{4F19F2CF-9F3C-4433-A6B4-57417A88055E}.Release|Any CPU.ActiveCfg = Release|Any CPU
		{4F19F2CF-9F3C-4433-A6B4-57417A88055E}.Release|Any CPU.Build.0 = Release|Any CPU
		{A56EDFB8-5436-4CD4-AD85-B2E4B8374C50}.Debug|Any CPU.ActiveCfg = Debug|Any CPU
		{A56EDFB8-5436-4CD4-AD85-B2E4B8374C50}.Debug|Any CPU.Build.0 = Debug|Any CPU
		{A56EDFB8-5436-4CD4-AD85-B2E4B8374C50}.Release|Any CPU.ActiveCfg = Release|Any CPU
		{A56EDFB8-5436-4CD4-AD85-B2E4B8374C50}.Release|Any CPU.Build.0 = Release|Any CPU
		{98B5DD71-6AD8-45D1-8D70-CC32BC406BF0}.Debug|Any CPU.ActiveCfg = Debug|Any CPU
		{98B5DD71-6AD8-45D1-8D70-CC32BC406BF0}.Debug|Any CPU.Build.0 = Debug|Any CPU
		{98B5DD71-6AD8-45D1-8D70-CC32BC406BF0}.Release|Any CPU.ActiveCfg = Release|Any CPU
		{98B5DD71-6AD8-45D1-8D70-CC32BC406BF0}.Release|Any CPU.Build.0 = Release|Any CPU
		{0B9DCFC8-A80F-4E42-8341-9416FF99D1BB}.Debug|Any CPU.ActiveCfg = Debug|Any CPU
		{0B9DCFC8-A80F-4E42-8341-9416FF99D1BB}.Debug|Any CPU.Build.0 = Debug|Any CPU
		{0B9DCFC8-A80F-4E42-8341-9416FF99D1BB}.Release|Any CPU.ActiveCfg = Release|Any CPU
		{0B9DCFC8-A80F-4E42-8341-9416FF99D1BB}.Release|Any CPU.Build.0 = Release|Any CPU
		{022A8122-8AD9-4674-91FB-EDD3B9D18327}.Debug|Any CPU.ActiveCfg = Debug|Any CPU
		{022A8122-8AD9-4674-91FB-EDD3B9D18327}.Debug|Any CPU.Build.0 = Debug|Any CPU
		{022A8122-8AD9-4674-91FB-EDD3B9D18327}.Release|Any CPU.ActiveCfg = Release|Any CPU
		{022A8122-8AD9-4674-91FB-EDD3B9D18327}.Release|Any CPU.Build.0 = Release|Any CPU
		{C7DF5B82-6189-4E78-B667-E24437C1B9B6}.Debug|Any CPU.ActiveCfg = Debug|Any CPU
		{C7DF5B82-6189-4E78-B667-E24437C1B9B6}.Debug|Any CPU.Build.0 = Debug|Any CPU
		{C7DF5B82-6189-4E78-B667-E24437C1B9B6}.Release|Any CPU.ActiveCfg = Release|Any CPU
		{C7DF5B82-6189-4E78-B667-E24437C1B9B6}.Release|Any CPU.Build.0 = Release|Any CPU
	EndGlobalSection
	GlobalSection(SolutionProperties) = preSolution
		HideSolutionNode = FALSE
	EndGlobalSection
	GlobalSection(NestedProjects) = preSolution
		{F0A67677-8F62-49F0-B46C-6C8ED3ACA001} = {4E2E87C0-0212-4CD9-A428-1608F3A01A01}
		{AB465592-13FF-4AC8-BF8F-9032B4B3F729} = {4E2E87C0-0212-4CD9-A428-1608F3A01A01}
		{420DBC8B-69D3-4EB7-9389-58B4DC9046B1} = {4E2E87C0-0212-4CD9-A428-1608F3A01A01}
		{A2FF4957-94FB-4506-A546-3B6C0AB53CC7} = {C4814E19-7940-4077-8278-C29239A0539C}
		{8016634D-A243-44FA-A630-4433B75C505C} = {C4814E19-7940-4077-8278-C29239A0539C}
		{874E1EFF-01CE-430C-AC18-B0E282836640} = {C4814E19-7940-4077-8278-C29239A0539C}
		{D5374CC9-3C9F-4D9A-BD94-BE2116B996FB} = {59D4B472-8F95-459B-B2C6-42EFBFB30364}
		{00DE1B83-171D-4ED5-B170-016050A7D10B} = {59D4B472-8F95-459B-B2C6-42EFBFB30364}
		{2C0B9600-9CF5-4F14-87E2-F8BED5C81F32} = {59D4B472-8F95-459B-B2C6-42EFBFB30364}
		{CC6A03CA-F611-4EDE-824B-968EEB535740} = {B631B764-861F-4553-AEF4-912009116260}
		{DEFD3993-9BC0-4AAA-A7C1-590306D50D9B} = {B631B764-861F-4553-AEF4-912009116260}
		{11AA5DD2-5052-4005-A47C-DB576338A1B1} = {B631B764-861F-4553-AEF4-912009116260}
		{4F19F2CF-9F3C-4433-A6B4-57417A88055E} = {24062B16-D08C-400C-8A0D-E907AF7CDB4A}
		{A56EDFB8-5436-4CD4-AD85-B2E4B8374C50} = {24062B16-D08C-400C-8A0D-E907AF7CDB4A}
		{98B5DD71-6AD8-45D1-8D70-CC32BC406BF0} = {24062B16-D08C-400C-8A0D-E907AF7CDB4A}
		{0B9DCFC8-A80F-4E42-8341-9416FF99D1BB} = {55A1C960-F92F-44E4-A302-1B806F504095}
		{022A8122-8AD9-4674-91FB-EDD3B9D18327} = {55A1C960-F92F-44E4-A302-1B806F504095}
		{C7DF5B82-6189-4E78-B667-E24437C1B9B6} = {55A1C960-F92F-44E4-A302-1B806F504095}
	EndGlobalSection
	GlobalSection(ExtensibilityGlobals) = postSolution
		SolutionGuid = {1E240784-99A5-4540-A105-413095D2DCE1}
	EndGlobalSection
EndGlobal
